{
  "version": "4",
  "specifiers": {
    "jsr:@needle-di/core@~0.12.1": "0.12.1",
    "jsr:@simplewebauthn/server@^13.1.1": "13.1.1",
    "jsr:@simplewebauthn/types@12": "12.0.0",
    "jsr:@std/encoding@0.221": "0.221.0",
    "jsr:@std/encoding@^1.0.9": "1.0.9",
    "jsr:@wok/djwt@^3.0.2": "3.0.2",
    "npm:@hexagon/base64@^1.1.27": "1.1.28",
    "npm:@hono/zod-openapi@~0.19.5": "0.19.5_hono@4.7.7_zod@3.24.3",
    "npm:@levischuck/tiny-cbor@~0.2.2": "0.2.11",
    "npm:@peculiar/asn1-android@^2.3.10": "2.3.16",
    "npm:@peculiar/asn1-ecc@^2.3.8": "2.3.15",
    "npm:@peculiar/asn1-rsa@^2.3.8": "2.3.15",
    "npm:@peculiar/asn1-schema@^2.3.8": "2.3.15",
    "npm:@peculiar/asn1-x509@^2.3.8": "2.3.15",
    "npm:@scalar/hono-api-reference@~0.8.2": "0.8.2_hono@4.7.7",
    "npm:hono@^4.7.7": "4.7.7",
    "npm:zod@^3.24.3": "3.24.3"
  },
  "jsr": {
    "@needle-di/core@0.12.1": {
      "integrity": "e5f7f05d1a79ba854a0a6317446cf8903e25ca13b9a89b08ddde38901ffc4e64"
    },
    "@simplewebauthn/server@13.1.1": {
      "integrity": "f62729ec72de0ce4333bc0e0c8bff64a23dd073a8695291998e5d17d4add06e8",
      "dependencies": [
        "npm:@hexagon/base64",
        "npm:@levischuck/tiny-cbor",
        "npm:@peculiar/asn1-android",
        "npm:@peculiar/asn1-ecc",
        "npm:@peculiar/asn1-rsa",
        "npm:@peculiar/asn1-schema",
        "npm:@peculiar/asn1-x509"
      ]
    },
    "@simplewebauthn/types@12.0.0": {
      "integrity": "fd5c9890c4e96111cc01a4f85748fea8dd7dc4c448cd741704a9137c606724a8"
    },
    "@std/encoding@0.221.0": {
      "integrity": "d1dd76ef0dc5d14088411e6dc1dede53bf8308c95d1537df1214c97137208e45"
    },
    "@std/encoding@1.0.9": {
      "integrity": "025b8f18eb1749bc30d1353bf48b77d1eb5e35610220fa226f5a046b9240c5d7"
    },
    "@wok/djwt@3.0.2": {
      "integrity": "e1c8afe6e321941edda40d91b089e93738469b994d53f41f82e0e7fcd7dde259",
      "dependencies": [
        "jsr:@std/encoding@0.221"
      ]
    }
  },
  "npm": {
    "@asteasolutions/zod-to-openapi@7.3.0_zod@3.24.3": {
      "integrity": "sha512-7tE/r1gXwMIvGnXVUdIqUhCU1RevEFC4Jk6Bussa0fk1ecbnnINkZzj1EOAJyE/M3AI25DnHT/zKQL1/FPFi8Q==",
      "dependencies": [
        "openapi3-ts",
        "zod"
      ]
    },
    "@hexagon/base64@1.1.28": {
      "integrity": "sha512-lhqDEAvWixy3bZ+UOYbPwUbBkwBq5C1LAJ/xPC8Oi+lL54oyakv/npbA0aU2hgCsx/1NUd4IBvV03+aUBWxerw=="
    },
    "@hono/zod-openapi@0.19.5_hono@4.7.7_zod@3.24.3": {
      "integrity": "sha512-n2RqdZL7XIaWPwBNygctG/1eySyRtSBnS7l+pIsP3f2JW5P2l7Smm6SLluscrGwB5l2C2fxbfvhWoC6Ig+SxXw==",
      "dependencies": [
        "@asteasolutions/zod-to-openapi",
        "@hono/zod-validator",
        "hono",
        "zod"
      ]
    },
    "@hono/zod-validator@0.4.3_hono@4.7.7_zod@3.24.3": {
      "integrity": "sha512-xIgMYXDyJ4Hj6ekm9T9Y27s080Nl9NXHcJkOvkXPhubOLj8hZkOL8pDnnXfvCf5xEE8Q4oMFenQUZZREUY2gqQ==",
      "dependencies": [
        "hono",
        "zod"
      ]
    },
    "@levischuck/tiny-cbor@0.2.11": {
      "integrity": "sha512-llBRm4dT4Z89aRsm6u2oEZ8tfwL/2l6BwpZ7JcyieouniDECM5AqNgr/y08zalEIvW3RSK4upYyybDcmjXqAow=="
    },
    "@peculiar/asn1-android@2.3.16": {
      "integrity": "sha512-a1viIv3bIahXNssrOIkXZIlI2ePpZaNmR30d4aBL99mu2rO+mT9D6zBsp7H6eROWGtmwv0Ionp5olJurIo09dw==",
      "dependencies": [
        "@peculiar/asn1-schema",
        "asn1js",
        "tslib"
      ]
    },
    "@peculiar/asn1-ecc@2.3.15": {
      "integrity": "sha512-/HtR91dvgog7z/WhCVdxZJ/jitJuIu8iTqiyWVgRE9Ac5imt2sT/E4obqIVGKQw7PIy+X6i8lVBoT6wC73XUgA==",
      "dependencies": [
        "@peculiar/asn1-schema",
        "@peculiar/asn1-x509",
        "asn1js",
        "tslib"
      ]
    },
    "@peculiar/asn1-rsa@2.3.15": {
      "integrity": "sha512-p6hsanvPhexRtYSOHihLvUUgrJ8y0FtOM97N5UEpC+VifFYyZa0iZ5cXjTkZoDwxJ/TTJ1IJo3HVTB2JJTpXvg==",
      "dependencies": [
        "@peculiar/asn1-schema",
        "@peculiar/asn1-x509",
        "asn1js",
        "tslib"
      ]
    },
    "@peculiar/asn1-schema@2.3.15": {
      "integrity": "sha512-QPeD8UA8axQREpgR5UTAfu2mqQmm97oUqahDtNdBcfj3qAnoXzFdQW+aNf/tD2WVXF8Fhmftxoj0eMIT++gX2w==",
      "dependencies": [
        "asn1js",
        "pvtsutils",
        "tslib"
      ]
    },
    "@peculiar/asn1-x509@2.3.15": {
      "integrity": "sha512-0dK5xqTqSLaxv1FHXIcd4Q/BZNuopg+u1l23hT9rOmQ1g4dNtw0g/RnEi+TboB0gOwGtrWn269v27cMgchFIIg==",
      "dependencies": [
        "@peculiar/asn1-schema",
        "asn1js",
        "pvtsutils",
        "tslib"
      ]
    },
    "@scalar/core@0.2.8": {
      "integrity": "sha512-4WjhJl0hJGgPGznmRvMFscY4ZMRbXgfEAsDGWl9eVqE/ZdXFxnoY2LsGhBALSKEYfwgNwLzk3A+0bCv2oU6N7g==",
      "dependencies": [
        "@scalar/types"
      ]
    },
    "@scalar/hono-api-reference@0.8.2_hono@4.7.7": {
      "integrity": "sha512-sgNtRst9KTamZMxE66fuIczgTsG7Yeputoelvxw/O+5dcN4KPeZ8ac67aqFH9sG1t+bbQyxqZ+qn+6ESoZMJQw==",
      "dependencies": [
        "@scalar/core",
        "hono"
      ]
    },
    "@scalar/openapi-types@0.2.0": {
      "integrity": "sha512-waiKk12cRCqyUCWTOX0K1WEVX46+hVUK+zRPzAahDJ7G0TApvbNkuy5wx7aoUyEk++HHde0XuQnshXnt8jsddA==",
      "dependencies": [
        "zod"
      ]
    },
    "@scalar/types@0.1.8": {
      "integrity": "sha512-VL1dcLB6w7V0htFxIgcdQeQhD5LFW1oqWk9ZWfzd9Ekl0a3bDGc81R5S3fk6qCHahPZR3cVPr4rHVQh0aX+FrQ==",
      "dependencies": [
        "@scalar/openapi-types",
        "@unhead/schema",
        "nanoid",
        "type-fest",
        "zod"
      ]
    },
    "@unhead/schema@1.11.20": {
      "integrity": "sha512-0zWykKAaJdm+/Y7yi/Yds20PrUK7XabLe9c3IRcjnwYmSWY6z0Cr19VIs3ozCj8P+GhR+/TI2mwtGlueCEYouA==",
      "dependencies": [
        "hookable",
        "zhead"
      ]
    },
    "asn1js@3.0.6": {
      "integrity": "sha512-UOCGPYbl0tv8+006qks/dTgV9ajs97X2p0FAbyS2iyCRrmLSRolDaHdp+v/CLgnzHc3fVB+CwYiUmei7ndFcgA==",
      "dependencies": [
        "pvtsutils",
        "pvutils",
        "tslib"
      ]
    },
    "hono@4.7.7": {
      "integrity": "sha512-2PCpQRbN87Crty8/L/7akZN3UyZIAopSoRxCwRbJgUuV1+MHNFHzYFxZTg4v/03cXUm+jce/qa2VSBZpKBm3Qw=="
    },
    "hookable@5.5.3": {
      "integrity": "sha512-Yc+BQe8SvoXH1643Qez1zqLRmbA5rCL+sSmk6TVos0LWVfNIB7PGncdlId77WzLGSIB5KaWgTaNTs2lNVEI6VQ=="
    },
    "nanoid@5.1.5": {
      "integrity": "sha512-Ir/+ZpE9fDsNH0hQ3C68uyThDXzYcim2EqcZ8zn8Chtt1iylPT9xXJB0kPCnqzgcEGikO9RxSrh63MsmVCU7Fw=="
    },
    "openapi3-ts@4.4.0": {
      "integrity": "sha512-9asTNB9IkKEzWMcHmVZE7Ts3kC9G7AFHfs8i7caD8HbI76gEjdkId4z/AkP83xdZsH7PLAnnbl47qZkXuxpArw==",
      "dependencies": [
        "yaml"
      ]
    },
    "pvtsutils@1.3.6": {
      "integrity": "sha512-PLgQXQ6H2FWCaeRak8vvk1GW462lMxB5s3Jm673N82zI4vqtVUPuZdffdZbPDFRoU8kAhItWFtPCWiPpp4/EDg==",
      "dependencies": [
        "tslib"
      ]
    },
    "pvutils@1.1.3": {
      "integrity": "sha512-pMpnA0qRdFp32b1sJl1wOJNxZLQ2cbQx+k6tjNtZ8CpvVhNqEPRgivZ2WOUev2YMajecdH7ctUPDvEe87nariQ=="
    },
    "tslib@2.8.1": {
      "integrity": "sha512-oJFu94HQb+KVduSUQL7wnpmqnfmLsOA/nAh6b6EH0wCEoK0/mPeXU6c3wKDV83MkOuHPRHtSXKKU99IBazS/2w=="
    },
    "type-fest@4.40.0": {
      "integrity": "sha512-ABHZ2/tS2JkvH1PEjxFDTUWC8dB5OsIGZP4IFLhR293GqT5Y5qB1WwL2kMPYhQW9DVgVD8Hd7I8gjwPIf5GFkw=="
    },
    "yaml@2.7.1": {
      "integrity": "sha512-10ULxpnOCQXxJvBgxsn9ptjq6uviG/htZKk9veJGhlqn3w/DxQ631zFF+nlQXLwmImeS5amR2dl2U8sg6U9jsQ=="
    },
    "zhead@2.2.4": {
      "integrity": "sha512-8F0OI5dpWIA5IGG5NHUg9staDwz/ZPxZtvGVf01j7vHqSyZ0raHY+78atOVxRqb73AotX22uV1pXt3gYSstGag=="
    },
    "zod@3.24.3": {
      "integrity": "sha512-HhY1oqzWCQWuUqvBFnsyrtZRhyPeR7SUGv+C4+MsisMuVfSPx8HpwWqH8tRahSlt6M3PiFAcoeFhZAqIXTxoSg=="
    }
  },
  "workspace": {
    "dependencies": [
      "jsr:@needle-di/core@~0.12.1",
      "jsr:@simplewebauthn/server@^13.1.1",
      "jsr:@simplewebauthn/types@12",
      "jsr:@std/encoding@^1.0.9",
      "jsr:@wok/djwt@^3.0.2",
      "npm:@hono/zod-openapi@~0.19.5",
      "npm:@scalar/hono-api-reference@~0.8.2",
      "npm:hono@^4.7.7",
      "npm:zod@^3.24.3"
    ]
  }
}
