{
  "version": "5",
  "specifiers": {
    "jsr:@needle-di/core@1": "1.0.0",
    "jsr:@simplewebauthn/server@^13.1.2": "13.1.2",
    "jsr:@simplewebauthn/types@12": "12.0.0",
    "jsr:@std/encoding@0.221": "0.221.0",
    "jsr:@std/encoding@^1.0.10": "1.0.10",
    "jsr:@wok/djwt@^3.0.2": "3.0.2",
    "npm:@hexagon/base64@^1.1.27": "1.1.28",
    "npm:@hono/zod-openapi@^1.1.0": "1.1.0_hono@4.8.12_zod@4.0.15",
    "npm:@levischuck/tiny-cbor@~0.2.2": "0.2.11",
    "npm:@peculiar/asn1-android@^2.3.10": "2.3.16",
    "npm:@peculiar/asn1-ecc@^2.3.8": "2.3.15",
    "npm:@peculiar/asn1-rsa@^2.3.8": "2.3.15",
    "npm:@peculiar/asn1-schema@^2.3.8": "2.3.15",
    "npm:@peculiar/asn1-x509@^2.3.8": "2.3.15",
    "npm:@scalar/hono-api-reference@~0.9.13": "0.9.13_hono@4.8.12",
    "npm:hono@^4.8.12": "4.8.12",
    "npm:zod@^4.0.15": "4.0.15"
  },
  "jsr": {
    "@needle-di/core@1.0.0": {
      "integrity": "165932157f4076c4c9fe1b3ec12b03902d8ad450fa0e4f28398a1f41c9b043b0"
    },
    "@simplewebauthn/server@13.1.2": {
      "integrity": "7f4e360846aad6a3a1b328099ee901625d2937e6665925236f6f74529b693feb",
      "dependencies": [
        "npm:@hexagon/base64",
        "npm:@levischuck/tiny-cbor",
        "npm:@peculiar/asn1-android",
        "npm:@peculiar/asn1-ecc",
        "npm:@peculiar/asn1-rsa",
        "npm:@peculiar/asn1-schema",
        "npm:@peculiar/asn1-x509"
      ]
    },
    "@simplewebauthn/types@12.0.0": {
      "integrity": "fd5c9890c4e96111cc01a4f85748fea8dd7dc4c448cd741704a9137c606724a8"
    },
    "@std/encoding@0.221.0": {
      "integrity": "d1dd76ef0dc5d14088411e6dc1dede53bf8308c95d1537df1214c97137208e45"
    },
    "@std/encoding@1.0.10": {
      "integrity": "8783c6384a2d13abd5e9e87a7ae0520a30e9f56aeeaa3bdf910a3eaaf5c811a1"
    },
    "@wok/djwt@3.0.2": {
      "integrity": "e1c8afe6e321941edda40d91b089e93738469b994d53f41f82e0e7fcd7dde259",
      "dependencies": [
        "jsr:@std/encoding@0.221"
      ]
    }
  },
  "npm": {
    "@asteasolutions/zod-to-openapi@8.1.0_zod@4.0.15": {
      "integrity": "sha512-tQFxVs05J/6QXXqIzj6rTRk3nj1HFs4pe+uThwE95jL5II2JfpVXkK+CqkO7aT0Do5AYqO6LDrKpleLUFXgY+g==",
      "dependencies": [
        "openapi3-ts",
        "zod@4.0.15"
      ]
    },
    "@hexagon/base64@1.1.28": {
      "integrity": "sha512-lhqDEAvWixy3bZ+UOYbPwUbBkwBq5C1LAJ/xPC8Oi+lL54oyakv/npbA0aU2hgCsx/1NUd4IBvV03+aUBWxerw=="
    },
    "@hono/zod-openapi@1.1.0_hono@4.8.12_zod@4.0.15": {
      "integrity": "sha512-S4jVR+A/jI4MA/RKJqmpjdHAN2l/EsqLnKHBv68x3WxV1NGVe3Sh7f6LV6rHEGYNHfiqpD75664A/erc+r9dQA==",
      "dependencies": [
        "@asteasolutions/zod-to-openapi",
        "@hono/zod-validator",
        "hono",
        "openapi3-ts",
        "zod@4.0.15"
      ]
    },
    "@hono/zod-validator@0.7.2_hono@4.8.12_zod@4.0.15": {
      "integrity": "sha512-ub5eL/NeZ4eLZawu78JpW/J+dugDAYhwqUIdp9KYScI6PZECij4Hx4UsrthlEUutqDDhPwRI0MscUfNkvn/mqQ==",
      "dependencies": [
        "hono",
        "zod@4.0.15"
      ]
    },
    "@levischuck/tiny-cbor@0.2.11": {
      "integrity": "sha512-llBRm4dT4Z89aRsm6u2oEZ8tfwL/2l6BwpZ7JcyieouniDECM5AqNgr/y08zalEIvW3RSK4upYyybDcmjXqAow=="
    },
    "@peculiar/asn1-android@2.3.16": {
      "integrity": "sha512-a1viIv3bIahXNssrOIkXZIlI2ePpZaNmR30d4aBL99mu2rO+mT9D6zBsp7H6eROWGtmwv0Ionp5olJurIo09dw==",
      "dependencies": [
        "@peculiar/asn1-schema",
        "asn1js",
        "tslib"
      ]
    },
    "@peculiar/asn1-ecc@2.3.15": {
      "integrity": "sha512-/HtR91dvgog7z/WhCVdxZJ/jitJuIu8iTqiyWVgRE9Ac5imt2sT/E4obqIVGKQw7PIy+X6i8lVBoT6wC73XUgA==",
      "dependencies": [
        "@peculiar/asn1-schema",
        "@peculiar/asn1-x509",
        "asn1js",
        "tslib"
      ]
    },
    "@peculiar/asn1-rsa@2.3.15": {
      "integrity": "sha512-p6hsanvPhexRtYSOHihLvUUgrJ8y0FtOM97N5UEpC+VifFYyZa0iZ5cXjTkZoDwxJ/TTJ1IJo3HVTB2JJTpXvg==",
      "dependencies": [
        "@peculiar/asn1-schema",
        "@peculiar/asn1-x509",
        "asn1js",
        "tslib"
      ]
    },
    "@peculiar/asn1-schema@2.3.15": {
      "integrity": "sha512-QPeD8UA8axQREpgR5UTAfu2mqQmm97oUqahDtNdBcfj3qAnoXzFdQW+aNf/tD2WVXF8Fhmftxoj0eMIT++gX2w==",
      "dependencies": [
        "asn1js",
        "pvtsutils",
        "tslib"
      ]
    },
    "@peculiar/asn1-x509@2.3.15": {
      "integrity": "sha512-0dK5xqTqSLaxv1FHXIcd4Q/BZNuopg+u1l23hT9rOmQ1g4dNtw0g/RnEi+TboB0gOwGtrWn269v27cMgchFIIg==",
      "dependencies": [
        "@peculiar/asn1-schema",
        "asn1js",
        "pvtsutils",
        "tslib"
      ]
    },
    "@scalar/core@0.3.11": {
      "integrity": "sha512-4O3mC29k2STz4quBHrpsl6czxi94F3dy8Ej/OPbELS2myKO4GoxromT0BiKSLPAThCnmJ0rqMZ7k9NsgzVjEgA==",
      "dependencies": [
        "@scalar/types"
      ]
    },
    "@scalar/hono-api-reference@0.9.13_hono@4.8.12": {
      "integrity": "sha512-79Gs+/2/FcqwZ3Lp0lsv3pFKHY1qBF2ONkfgh/gxRsd8Z+RZRTDBZafe7OConj+c4tHm0Zz3bKTKEV0OMQi/aA==",
      "dependencies": [
        "@scalar/core",
        "hono"
      ]
    },
    "@scalar/openapi-types@0.3.7": {
      "integrity": "sha512-QHSvHBVDze3+dUwAhIGq6l1iOev4jdoqdBK7QpfeN1Q4h+6qpVEw3EEqBiH0AXUSh/iWwObBv4uMgfIx0aNZ5g==",
      "dependencies": [
        "zod@3.24.1"
      ]
    },
    "@scalar/types@0.2.11": {
      "integrity": "sha512-SUZzGmoisWsYv33LmmT/ajvSlcl9ZDj9d5RncJ+wB9ZQ2l018xlfpDIH9Kdfo+6KCKQOe3LYLXfH4Lzm891Mag==",
      "dependencies": [
        "@scalar/openapi-types",
        "nanoid",
        "zod@3.24.1"
      ]
    },
    "asn1js@3.0.6": {
      "integrity": "sha512-UOCGPYbl0tv8+006qks/dTgV9ajs97X2p0FAbyS2iyCRrmLSRolDaHdp+v/CLgnzHc3fVB+CwYiUmei7ndFcgA==",
      "dependencies": [
        "pvtsutils",
        "pvutils",
        "tslib"
      ]
    },
    "hono@4.8.12": {
      "integrity": "sha512-MQSKk1Mg7b74k8l+A025LfysnLtXDKkE4pLaSsYRQC5iy85lgZnuyeQ1Wynair9mmECzoLu+FtJtqNZSoogBDQ=="
    },
    "nanoid@5.1.5": {
      "integrity": "sha512-Ir/+ZpE9fDsNH0hQ3C68uyThDXzYcim2EqcZ8zn8Chtt1iylPT9xXJB0kPCnqzgcEGikO9RxSrh63MsmVCU7Fw==",
      "bin": true
    },
    "openapi3-ts@4.5.0": {
      "integrity": "sha512-jaL+HgTq2Gj5jRcfdutgRGLosCy/hT8sQf6VOy+P+g36cZOjI1iukdPnijC+4CmeRzg/jEllJUboEic2FhxhtQ==",
      "dependencies": [
        "yaml"
      ]
    },
    "pvtsutils@1.3.6": {
      "integrity": "sha512-PLgQXQ6H2FWCaeRak8vvk1GW462lMxB5s3Jm673N82zI4vqtVUPuZdffdZbPDFRoU8kAhItWFtPCWiPpp4/EDg==",
      "dependencies": [
        "tslib"
      ]
    },
    "pvutils@1.1.3": {
      "integrity": "sha512-pMpnA0qRdFp32b1sJl1wOJNxZLQ2cbQx+k6tjNtZ8CpvVhNqEPRgivZ2WOUev2YMajecdH7ctUPDvEe87nariQ=="
    },
    "tslib@2.8.1": {
      "integrity": "sha512-oJFu94HQb+KVduSUQL7wnpmqnfmLsOA/nAh6b6EH0wCEoK0/mPeXU6c3wKDV83MkOuHPRHtSXKKU99IBazS/2w=="
    },
    "yaml@2.8.1": {
      "integrity": "sha512-lcYcMxX2PO9XMGvAJkJ3OsNMw+/7FKes7/hgerGUYWIoWu5j/+YQqcZr5JnPZWzOsEBgMbSbiSTn/dv/69Mkpw==",
      "bin": true
    },
    "zod@3.24.1": {
      "integrity": "sha512-muH7gBL9sI1nciMZV67X5fTKKBLtwpZ5VBp1vsOQzj1MhrBZ4wlVCm3gedKZWLp0Oyel8sIGfeiz54Su+OVT+A=="
    },
    "zod@4.0.15": {
      "integrity": "sha512-2IVHb9h4Mt6+UXkyMs0XbfICUh1eUrlJJAOupBHUhLRnKkruawyDddYRCs0Eizt900ntIMk9/4RksYl+FgSpcQ=="
    }
  },
  "workspace": {
    "dependencies": [
      "jsr:@needle-di/core@1",
      "jsr:@simplewebauthn/server@^13.1.2",
      "jsr:@simplewebauthn/types@12",
      "jsr:@std/encoding@^1.0.10",
      "jsr:@wok/djwt@^3.0.2",
      "npm:@hono/zod-openapi@^1.1.0",
      "npm:@scalar/hono-api-reference@~0.9.13",
      "npm:hono@^4.8.12",
      "npm:zod@^4.0.15"
    ]
  }
}
